
Microsoft Visual Studio Solution File, Format Version 12.00
# Visual Studio Version 17
VisualStudioVersion = 17.7.34031.279
MinimumVisualStudioVersion = 10.0.40219.1
Project("{FAE04EC0-301F-11D3-BF4B-00C04F79EFBC}") = "PR6WPF", "PR6WPF\PR6WPF.csproj", "{32DCEFE9-9B8B-4D52-9A08-662062410420}"
EndProject
Global
	GlobalSection(SolutionConfigurationPlatforms) = preSolution
		Debug|Any CPU = Debug|Any CPU
		Release|Any CPU = Release|Any CPU
	EndGlobalSection
	GlobalSection(ProjectConfigurationPlatforms) = postSolution
		{32DCEFE9-9B8B-4D52-9A08-662062410420}.Debug|Any CPU.ActiveCfg = Debug|Any CPU
		{32DCEFE9-9B8B-4D52-9A08-662062410420}.Debug|Any CPU.Build.0 = Debug|Any CPU
		{32DCEFE9-9B8B-4D52-9A08-662062410420}.Release|Any CPU.ActiveCfg = Release|Any CPU
		{32DCEFE9-9B8B-4D52-9A08-662062410420}.Release|Any CPU.Build.0 = Release|Any CPU
	EndGlobalSection
	GlobalSection(SolutionProperties) = preSolution
		HideSolutionNode = FALSE
	EndGlobalSection
	GlobalSection(ExtensibilityGlobals) = postSolution
		SolutionGuid = {6539EA7B-8142-406E-BD92-18993B14BA82}
	EndGlobalSection
EndGlobal
